{
  "requires": true,
  "lockfileVersion": 1,
  "dependencies": {
    "@jupyterlab/services": {
      "version": "0.35.1",
      "resolved": "https://registry.npmjs.org/@jupyterlab/services/-/services-0.35.1.tgz",
      "integrity": "sha1-m8DpQLOBIxz9MDPYrb6Qynyv2/E=",
      "requires": {
        "@types/minimist": "1.2.0",
        "minimist": "1.2.0",
        "path-posix": "1.0.0",
        "phosphor": "0.7.1",
        "url": "0.11.0",
        "url-join": "1.1.0"
      }
    },
    "@types/backbone": {
      "version": "1.3.42",
      "resolved": "https://registry.npmjs.org/@types/backbone/-/backbone-1.3.42.tgz",
      "integrity": "sha512-sg6WhUW1RorO/Yc0yKqVhekBlweLbQqJciHr70FYL4Z8IFhcZngyXaYdfq8MCv/Rf/Nry5Sbsl9jWGzUN+2Zbg==",
      "requires": {
        "@types/jquery": "3.3.2",
        "@types/underscore": "1.8.8"
      }
    },
    "@types/jquery": {
      "version": "3.3.2",
      "resolved": "https://registry.npmjs.org/@types/jquery/-/jquery-3.3.2.tgz",
      "integrity": "sha512-ByZwKSEqteAta4VrIalqGJZmMq9lWPD3H3f5Xs6RR8B7zQRDPGUtjoKBYNtKTz/7LgBEQMdlxVbbjQfUaEIItA=="
    },
    "@types/minimist": {
      "version": "1.2.0",
      "resolved": "https://registry.npmjs.org/@types/minimist/-/minimist-1.2.0.tgz",
      "integrity": "sha1-aaI6OtKcrwCX8G7aWbNh7i8GOfY="
    },
    "@types/semver": {
      "version": "5.5.0",
      "resolved": "https://registry.npmjs.org/@types/semver/-/semver-5.5.0.tgz",
      "integrity": "sha512-41qEJgBH/TWgo5NFSvBCJ1qkoi3Q6ONSF2avrHq1LVEZfYpdHmj0y9SuTK+u9ZhG1sYQKBL1AWXKyLWP4RaUoQ=="
    },
    "@types/underscore": {
      "version": "1.8.8",
      "resolved": "https://registry.npmjs.org/@types/underscore/-/underscore-1.8.8.tgz",
      "integrity": "sha512-EquzRwzAAs04anQ8/6MYXFKvHoD+MIlF+gu87EDda7dN9zrKvQYHsc9VFAPB1xY4tUHQVvBMtjsHrvof2EE1Mg=="
    },
    "ajv": {
      "version": "4.11.8",
      "resolved": "https://registry.npmjs.org/ajv/-/ajv-4.11.8.tgz",
      "integrity": "sha1-gv+wKynmYq5TvcIK8VlHcGc5xTY=",
      "requires": {
        "co": "4.6.0",
        "json-stable-stringify": "1.0.1"
      }
    },
    "backbone": {
      "version": "1.2.0",
      "resolved": "https://registry.npmjs.org/backbone/-/backbone-1.2.0.tgz",
      "integrity": "sha1-q6UvKjyq4RfYcfoHTq38ntMZPuc=",
      "requires": {
        "underscore": "1.9.1"
      }
    },
    "co": {
      "version": "4.6.0",
      "resolved": "https://registry.npmjs.org/co/-/co-4.6.0.tgz",
      "integrity": "sha1-bqa989hTrlTMuOR7+gvz+QMfsYQ="
    },
    "d3-format": {
      "version": "0.5.1",
      "resolved": "https://registry.npmjs.org/d3-format/-/d3-format-0.5.1.tgz",
      "integrity": "sha1-lEfXyVyEsV00wTiXXb8EiaQS5AU="
    },
    "font-awesome": {
      "version": "4.7.0",
      "resolved": "https://registry.npmjs.org/font-awesome/-/font-awesome-4.7.0.tgz",
      "integrity": "sha1-j6jPBBGhoxr9B7BtKQK7n8gVoTM="
    },
    "jquery": {
      "version": "3.3.1",
      "resolved": "https://registry.npmjs.org/jquery/-/jquery-3.3.1.tgz",
      "integrity": "sha512-Ubldcmxp5np52/ENotGxlLe6aGMvmF4R8S6tZjsP6Knsaxd/xp3Zrh50cG93lR6nPXyUFwzN3ZSOQI0wRJNdGg=="
    },
    "jquery-ui": {
      "version": "1.12.1",
      "resolved": "https://registry.npmjs.org/jquery-ui/-/jquery-ui-1.12.1.tgz",
      "integrity": "sha1-vLQEXI3QU5wTS8FIjN0+dop6nlE="
    },
    "json-stable-stringify": {
      "version": "1.0.1",
      "resolved": "https://registry.npmjs.org/json-stable-stringify/-/json-stable-stringify-1.0.1.tgz",
      "integrity": "sha1-mnWdOcXy/1A/1TAGRu1EX4jE+a8=",
      "requires": {
        "jsonify": "0.0.0"
      }
    },
    "jsonify": {
      "version": "0.0.0",
      "resolved": "https://registry.npmjs.org/jsonify/-/jsonify-0.0.0.tgz",
      "integrity": "sha1-LHS27kHZPKUbe1qu6PUDYx0lKnM="
    },
    "jupyter-js-widgets": {
      "version": "2.1.5",
      "resolved": "https://registry.npmjs.org/jupyter-js-widgets/-/jupyter-js-widgets-2.1.5.tgz",
      "integrity": "sha1-l/7aDF7qYHgeWswiuqdC+z1DkvY=",
      "requires": {
        "@jupyterlab/services": "0.35.1",
        "@types/backbone": "1.3.42",
        "@types/semver": "5.5.0",
        "ajv": "4.11.8",
        "backbone": "1.2.0",
        "d3-format": "0.5.1",
        "font-awesome": "4.7.0",
        "jquery": "3.3.1",
        "jquery-ui": "1.12.1",
        "jupyter-widgets-schema": "0.1.1",
        "lolex": "1.6.0",
        "phosphor": "0.7.1",
        "scriptjs": "2.5.8",
        "semver": "5.5.0",
        "underscore": "1.9.1"
      }
    },
    "jupyter-widgets-schema": {
      "version": "0.1.1",
      "resolved": "https://registry.npmjs.org/jupyter-widgets-schema/-/jupyter-widgets-schema-0.1.1.tgz",
      "integrity": "sha1-cqgTKBkUOTg+xFSWpPgYTZjIG0g="
    },
    "lolex": {
      "version": "1.6.0",
      "resolved": "https://registry.npmjs.org/lolex/-/lolex-1.6.0.tgz",
      "integrity": "sha1-OpoCg0UqR9dDnnJzG54H1zhuSfY="
    },
    "minimist": {
      "version": "1.2.0",
      "resolved": "https://registry.npmjs.org/minimist/-/minimist-1.2.0.tgz",
      "integrity": "sha1-o1AIsg9BOD7sH7kU9M1d95omQoQ="
    },
    "path-posix": {
      "version": "1.0.0",
      "resolved": "https://registry.npmjs.org/path-posix/-/path-posix-1.0.0.tgz",
      "integrity": "sha1-BrJhE/Vr6rBCVFojv6iAA8ysJg8="
    },
    "phosphor": {
      "version": "0.7.1",
      "resolved": "https://registry.npmjs.org/phosphor/-/phosphor-0.7.1.tgz",
      "integrity": "sha1-+tEv6VaLyF6JxtVzJrpY0nodKyE="
    },
    "punycode": {
      "version": "1.3.2",
      "resolved": "https://registry.npmjs.org/punycode/-/punycode-1.3.2.tgz",
      "integrity": "sha1-llOgNvt8HuQjQvIyXM7v6jkmxI0="
    },
    "querystring": {
      "version": "0.2.0",
      "resolved": "https://registry.npmjs.org/querystring/-/querystring-0.2.0.tgz",
      "integrity": "sha1-sgmEkgO7Jd+CDadW50cAWHhSFiA="
    },
    "scriptjs": {
      "version": "2.5.8",
      "resolved": "https://registry.npmjs.org/scriptjs/-/scriptjs-2.5.8.tgz",
      "integrity": "sha1-0MQ5VcLmutM7bk7fe1O4llqnyl8="
    },
    "semver": {
      "version": "5.5.0",
      "resolved": "https://registry.npmjs.org/semver/-/semver-5.5.0.tgz",
      "integrity": "sha512-4SJ3dm0WAwWy/NVeioZh5AntkdJoWKxHxcmyP622fOkgHa4z3R0TdBJICINyaSDE6uNwVc8gZr+ZinwZAH4xIA=="
    },
    "underscore": {
      "version": "1.9.1",
      "resolved": "https://registry.npmjs.org/underscore/-/underscore-1.9.1.tgz",
      "integrity": "sha512-5/4etnCkd9c8gwgowi5/om/mYO5ajCaOgdzj/oW+0eQV9WxKBDZw5+ycmKmeaTXjInS/W0BzpGLo2xR2aBwZdg=="
    },
    "url": {
      "version": "0.11.0",
      "resolved": "https://registry.npmjs.org/url/-/url-0.11.0.tgz",
      "integrity": "sha1-ODjpfPxgUh63PFJajlW/3Z4uKPE=",
      "requires": {
        "punycode": "1.3.2",
        "querystring": "0.2.0"
      }
    },
    "url-join": {
      "version": "1.1.0",
      "resolved": "https://registry.npmjs.org/url-join/-/url-join-1.1.0.tgz",
      "integrity": "sha1-dBxsL0WWxIMNZxhGCSDQySIC3Hg="
    }
  }
}
